{
  "requires": true,
  "lockfileVersion": 1,
  "dependencies": {
    "@editorjs/checklist": {
      "version": "1.1.0",
      "resolved": "https://registry.npmjs.org/@editorjs/checklist/-/checklist-1.1.0.tgz",
      "integrity": "sha512-rE0weE4iHoN6NM9GpP0XMiighGGrSyAkWWtmkRmn/2vLot3mXrh15KGaRJIP17HOW62yrOy4zJdzLEL+JyNdOg=="
    },
    "@editorjs/editorjs": {
      "version": "2.12.4",
      "resolved": "https://registry.npmjs.org/@editorjs/editorjs/-/editorjs-2.12.4.tgz",
      "integrity": "sha512-5xevUVL+OvrhnVjaQARW7FlTtJhYPaUbs3Bft6+2PQ7Fvx5SquyrPPJomCdQA7+5uPAWQ8MtjxTVvSDPhujkYw=="
    },
    "@editorjs/header": {
      "version": "2.2.3",
      "resolved": "https://registry.npmjs.org/@editorjs/header/-/header-2.2.3.tgz",
      "integrity": "sha512-eFPgsT/OJA7HxCl4idrH1ccZEkmVZWfEmwo7DysOAb2DI+5/IcBIVZbPv6EapjL6MOEHKzON8lCI4jQOaBJlLw=="
    },
    "@editorjs/list": {
      "version": "1.3.4",
      "resolved": "https://registry.npmjs.org/@editorjs/list/-/list-1.3.4.tgz",
      "integrity": "sha512-hj/yJXUjpAsh946js4zK0eHTnKJOiXXg6wpvTisQbQ3sjtKmUdS/KAyvihKhkKMa1y8SDR3L4K/3raPryyLC1A=="
    },
    "@editorjs/quote": {
      "version": "2.2.0",
      "resolved": "https://registry.npmjs.org/@editorjs/quote/-/quote-2.2.0.tgz",
      "integrity": "sha512-Ej0z8ylsdfu106n+d6tDZG5A6SXTBDgtKlmtACsvtUa645oiDatwNwe5K6u7nFm6SJiTJmBxA9qKRQPH3YBT6g=="
    },
    "@editorjs/simple-image": {
      "version": "1.3.1",
      "resolved": "https://registry.npmjs.org/@editorjs/simple-image/-/simple-image-1.3.1.tgz",
      "integrity": "sha512-qiBGgOiUUnKxbQK7cuaepItayVyrKdmErL92bbVC+JQr1Bgf/rw+yK+Z5zDV4FDgOIfROmKV/5CGOktcTzN5QA==",
      "dev": true
    }
  }
}
